{
  "name": "@wora/offline-first",
  "version": "0.0.1",
  "lockfileVersion": 1,
  "requires": true,
  "dependencies": {
    "@wora/cache-persist": {
      "version": "1.0.0",
      "resolved": "https://registry.npmjs.org/@wora/cache-persist/-/cache-persist-1.0.0.tgz",
      "integrity": "sha512-YG1ZZj9DTxv1zU7+Pdm3gEex0xLtx3/8/2jqBUmm5kA0qFFCBDWjBVdoibfyOJZeU/WY/8r5ABMteFkRnxVWdw==",
      "requires": {
        "idb": "^4.0.0"
      }
    },
    "@wora/detect-network": {
      "version": "1.0.0",
      "resolved": "https://registry.npmjs.org/@wora/detect-network/-/detect-network-1.0.0.tgz",
      "integrity": "sha512-LV87oo6IRTDqc7YMiWP3IyVy/RdkIS8jhHkQd2NkYLwfRVrzNC36EJg8SuOdkTZ4l0q8KhG8XjbcOggYF31hLw==",
      "requires": {
        "array-find-index": "1.0.2"
      }
    },
    "array-find-index": {
      "version": "1.0.2",
      "resolved": "https://registry.npmjs.org/array-find-index/-/array-find-index-1.0.2.tgz",
      "integrity": "sha1-3wEKoSh+Fku9pvlyOwqWoexBh6E="
    },
    "idb": {
      "version": "4.0.3",
      "resolved": "https://registry.npmjs.org/idb/-/idb-4.0.3.tgz",
      "integrity": "sha512-moRlNNe0Gsvp4jAwz5cJ7scjyNTVA/cESKGCobULaljfaKZ970y8NDNCseHdMY+YxNXH58Z1V+7tTyf0GZyKqw=="
    },
    "typescript": {
      "version": "3.5.2",
      "resolved": "https://registry.npmjs.org/typescript/-/typescript-3.5.2.tgz",
      "integrity": "sha512-7KxJovlYhTX5RaRbUdkAXN1KUZ8PwWlTzQdHV6xNqvuFOs7+WBo10TQUqT19Q/Jz2hk5v9TQDIhyLhhJY4p5AA==",
      "dev": true
    }
  }
}
