{
  "name": "@wora/detect-network",
  "version": "1.2.0",
  "lockfileVersion": 1,
  "requires": true,
  "dependencies": {
    "@react-native-community/netinfo": {
      "version": "3.2.1",
      "resolved": "https://registry.npmjs.org/@react-native-community/netinfo/-/netinfo-3.2.1.tgz",
      "integrity": "sha512-A2qANOnlRDVe+8kMbKMwy3/0bOlOA2+y8DyWg2Rv2KHICIfin+oxixbG0ewAOLQdLkSEyyumZXRmIVl7VI/KJg==",
      "dev": true
    },
    "@wora/netinfo": {
      "version": "file:../netinfo",
      "requires": {
        "array-find-index": "1.0.2"
      },
      "dependencies": {
        "@react-native-community/netinfo": {
          "version": "3.2.1",
          "bundled": true
        },
        "array-find-index": {
          "version": "1.0.2",
          "bundled": true
        }
      }
    }
  }
}
