{
  "name": "@wora/netinfo",
  "version": "1.0.0",
  "lockfileVersion": 1,
  "requires": true,
  "dependencies": {
    "@react-native-community/netinfo": {
      "version": "3.2.1",
      "resolved": "https://registry.npmjs.org/@react-native-community/netinfo/-/netinfo-3.2.1.tgz",
      "integrity": "sha512-A2qANOnlRDVe+8kMbKMwy3/0bOlOA2+y8DyWg2Rv2KHICIfin+oxixbG0ewAOLQdLkSEyyumZXRmIVl7VI/KJg==",
      "dev": true
    },
    "array-find-index": {
      "version": "1.0.2",
      "resolved": "https://registry.npmjs.org/array-find-index/-/array-find-index-1.0.2.tgz",
      "integrity": "sha1-3wEKoSh+Fku9pvlyOwqWoexBh6E="
    }
  }
}
